// !$*UTF8*$!
{
	archiveVersion = 1;
	classes = {
	};
	objectVersion = 46;
	objects = {

/* Begin PBXBuildFile section */
		08DA30323C7D51F35C3B618D /* TasksView.swift in Sources */ = {isa = PBXBuildFile; fileRef = B4533C02DBE9E79C40D53F6B /* TasksView.swift */; };
		11CD2A07F4AB13DCFBA8EAE1 /* Components.swift in Sources */ = {isa = PBXBuildFile; fileRef = CEB264EEE3E57DF7A0B7A5F3 /* Components.swift */; };
		142C1C7FD0C0FC86181BF615 /* TemplateEditorView.swift in Sources */ = {isa = PBXBuildFile; fileRef = 481847905D83F53CE36A420C /* TemplateEditorView.swift */; };
		1697A3D2AAB26AEAF21582DD /* PlanEditorView.swift in Sources */ = {isa = PBXBuildFile; fileRef = B1C91850EB99894FBD0247D7 /* PlanEditorView.swift */; };
		2055D3184CADB0EE2AB846F9 /* FreeTimeWidget.swift in Sources */ = {isa = PBXBuildFile; fileRef = F66C908ED5FF5282654A0E7E /* FreeTimeWidget.swift */; };
		2F420EB205F5D8ADFE2E0CA4 /* TaskEditorView.swift in Sources */ = {isa = PBXBuildFile; fileRef = 7F251F075FF69B3E7ADB256A /* TaskEditorView.swift */; };
		3C0AB97F8EF1BD6E2E83D249 /* HomeView.swift in Sources */ = {isa = PBXBuildFile; fileRef = ECC7A648A1FC3D50AFBB5324 /* HomeView.swift */; };
		43C3F7E0A7FD3AA8CF757147 /* SlotAllocatorView.swift in Sources */ = {isa = PBXBuildFile; fileRef = 5082476968678D883D5F6988 /* SlotAllocatorView.swift */; };
		44929875B5E8DCD43853C985 /* FreeTimeModels.swift in Sources */ = {isa = PBXBuildFile; fileRef = 4D6047DA125BB39BB5CA2127 /* FreeTimeModels.swift */; };
		45FD927495DDF3EEB6BFDB88 /* FreeTimeApp.swift in Sources */ = {isa = PBXBuildFile; fileRef = 1FFF4FF841AEAFE40C273DF2 /* FreeTimeApp.swift */; };
		5D69019208E85809F9068E4B /* WeekView.swift in Sources */ = {isa = PBXBuildFile; fileRef = B38A75C87FBD33C46766FF8B /* WeekView.swift */; };
		5E8464C4320C5264BCD67FD5 /* TemplatesView.swift in Sources */ = {isa = PBXBuildFile; fileRef = 52E321362CA20EC73B897EF6 /* TemplatesView.swift */; };
		62D32ADE064F1ED7B7AA2D34 /* BackupDocument.swift in Sources */ = {isa = PBXBuildFile; fileRef = A1C3A59A10C900D947075831 /* BackupDocument.swift */; };
		6E1E49EC6777C64158CFD075 /* FreeTimeWidget.appex in Embed App Extensions */ = {isa = PBXBuildFile; fileRef = 6BCDC52E57701825B4EF194C /* FreeTimeWidget.appex */; };
		6F182DBE6B271C46344715BB /* FreeTimeStore.swift in Sources */ = {isa = PBXBuildFile; fileRef = 10F7F8DA31462BAC7B00F90F /* FreeTimeStore.swift */; };
		79E14F60CABFFBF7F49174F3 /* DayPlansView.swift in Sources */ = {isa = PBXBuildFile; fileRef = F47EF9E63D81AF6BD489ED53 /* DayPlansView.swift */; };
		8D97BB00E2854AAF7D821ECB /* Theme.swift in Sources */ = {isa = PBXBuildFile; fileRef = 8A20DBED26ACF56375546A94 /* Theme.swift */; };
		8E802DF585DD5C7A0D7D4352 /* FreeTimeModels.swift in Sources */ = {isa = PBXBuildFile; fileRef = 4D6047DA125BB39BB5CA2127 /* FreeTimeModels.swift */; };
		A0A4B643A2819F9B1DFAE511 /* StatsView.swift in Sources */ = {isa = PBXBuildFile; fileRef = C7E2F783F764F1E247850460 /* StatsView.swift */; };
		A573685F682154831DEB5D71 /* Foundation.framework in Frameworks */ = {isa = PBXBuildFile; fileRef = 72D88C9A98F292702B189AE2 /* Foundation.framework */; };
		C8F43D962EC953A26CCABA13 /* RootView.swift in Sources */ = {isa = PBXBuildFile; fileRef = 8847E65B487571224140F166 /* RootView.swift */; };
		DCA1761C3F6692E25B8E96F9 /* Foundation.framework in Frameworks */ = {isa = PBXBuildFile; fileRef = 72D88C9A98F292702B189AE2 /* Foundation.framework */; };
/* End PBXBuildFile section */

/* Begin PBXContainerItemProxy section */
		169DC4DB48085B61FD242838 /* PBXContainerItemProxy */ = {
			isa = PBXContainerItemProxy;
			containerPortal = 485EE6C8F5F929B90AA0F7B1 /* Project object */;
			proxyType = 1;
			remoteGlobalIDString = 38662D12EB22E684F81B61DE;
			remoteInfo = FreeTimeWidget;
		};
/* End PBXContainerItemProxy section */

/* Begin PBXCopyFilesBuildPhase section */
		5E8C359363C919187A4224DE /* Embed App Extensions */ = {
			isa = PBXCopyFilesBuildPhase;
			buildActionMask = 2147483647;
			dstPath = "";
			dstSubfolderSpec = 13;
			files = (
				6E1E49EC6777C64158CFD075 /* FreeTimeWidget.appex in Embed App Extensions */,
			);
			name = "Embed App Extensions";
			runOnlyForDeploymentPostprocessing = 0;
		};
/* End PBXCopyFilesBuildPhase section */

/* Begin PBXFileReference section */
		10F7F8DA31462BAC7B00F90F /* FreeTimeStore.swift */ = {isa = PBXFileReference; includeInIndex = 1; lastKnownFileType = sourcecode.swift; path = FreeTimeStore.swift; sourceTree = "<group>"; };
		1FFF4FF841AEAFE40C273DF2 /* FreeTimeApp.swift */ = {isa = PBXFileReference; includeInIndex = 1; lastKnownFileType = sourcecode.swift; path = FreeTimeApp.swift; sourceTree = "<group>"; };
		3BFD8DE34B336D211DA69FD9 /* FreeTime.app */ = {isa = PBXFileReference; explicitFileType = wrapper.application; includeInIndex = 0; path = FreeTime.app; sourceTree = BUILT_PRODUCTS_DIR; };
		481847905D83F53CE36A420C /* TemplateEditorView.swift */ = {isa = PBXFileReference; includeInIndex = 1; lastKnownFileType = sourcecode.swift; path = TemplateEditorView.swift; sourceTree = "<group>"; };
		4D6047DA125BB39BB5CA2127 /* FreeTimeModels.swift */ = {isa = PBXFileReference; includeInIndex = 1; lastKnownFileType = sourcecode.swift; path = FreeTimeModels.swift; sourceTree = "<group>"; };
		5082476968678D883D5F6988 /* SlotAllocatorView.swift */ = {isa = PBXFileReference; includeInIndex = 1; lastKnownFileType = sourcecode.swift; path = SlotAllocatorView.swift; sourceTree = "<group>"; };
		52E321362CA20EC73B897EF6 /* TemplatesView.swift */ = {isa = PBXFileReference; includeInIndex = 1; lastKnownFileType = sourcecode.swift; path = TemplatesView.swift; sourceTree = "<group>"; };
		5AECAC65E31AE6FB0EA1DCB0 /* Info.plist */ = {isa = PBXFileReference; includeInIndex = 1; lastKnownFileType = text.plist.xml; path = Info.plist; sourceTree = "<group>"; };
		6BCDC52E57701825B4EF194C /* FreeTimeWidget.appex */ = {isa = PBXFileReference; explicitFileType = "wrapper.app-extension"; includeInIndex = 0; path = FreeTimeWidget.appex; sourceTree = BUILT_PRODUCTS_DIR; };
		720E0FA6E866941D0D440039 /* FreeTime.entitlements */ = {isa = PBXFileReference; includeInIndex = 1; lastKnownFileType = text.plist.entitlements; path = FreeTime.entitlements; sourceTree = "<group>"; };
		72D88C9A98F292702B189AE2 /* Foundation.framework */ = {isa = PBXFileReference; lastKnownFileType = wrapper.framework; name = Foundation.framework; path = Platforms/iPhoneOS.platform/Developer/SDKs/iPhoneOS18.0.sdk/System/Library/Frameworks/Foundation.framework; sourceTree = DEVELOPER_DIR; };
		7F251F075FF69B3E7ADB256A /* TaskEditorView.swift */ = {isa = PBXFileReference; includeInIndex = 1; lastKnownFileType = sourcecode.swift; path = TaskEditorView.swift; sourceTree = "<group>"; };
		7FD0C5F54B4B3710EBFD6F78 /* FreeTimeWidget.entitlements */ = {isa = PBXFileReference; includeInIndex = 1; lastKnownFileType = text.plist.entitlements; path = FreeTimeWidget.entitlements; sourceTree = "<group>"; };
		8847E65B487571224140F166 /* RootView.swift */ = {isa = PBXFileReference; includeInIndex = 1; lastKnownFileType = sourcecode.swift; path = RootView.swift; sourceTree = "<group>"; };
		8A20DBED26ACF56375546A94 /* Theme.swift */ = {isa = PBXFileReference; includeInIndex = 1; lastKnownFileType = sourcecode.swift; path = Theme.swift; sourceTree = "<group>"; };
		A1C3A59A10C900D947075831 /* BackupDocument.swift */ = {isa = PBXFileReference; includeInIndex = 1; lastKnownFileType = sourcecode.swift; path = BackupDocument.swift; sourceTree = "<group>"; };
		B1C91850EB99894FBD0247D7 /* PlanEditorView.swift */ = {isa = PBXFileReference; includeInIndex = 1; lastKnownFileType = sourcecode.swift; path = PlanEditorView.swift; sourceTree = "<group>"; };
		B38A75C87FBD33C46766FF8B /* WeekView.swift */ = {isa = PBXFileReference; includeInIndex = 1; lastKnownFileType = sourcecode.swift; path = WeekView.swift; sourceTree = "<group>"; };
		B4533C02DBE9E79C40D53F6B /* TasksView.swift */ = {isa = PBXFileReference; includeInIndex = 1; lastKnownFileType = sourcecode.swift; path = TasksView.swift; sourceTree = "<group>"; };
		C7E2F783F764F1E247850460 /* StatsView.swift */ = {isa = PBXFileReference; includeInIndex = 1; lastKnownFileType = sourcecode.swift; path = StatsView.swift; sourceTree = "<group>"; };
		CEB264EEE3E57DF7A0B7A5F3 /* Components.swift */ = {isa = PBXFileReference; includeInIndex = 1; lastKnownFileType = sourcecode.swift; path = Components.swift; sourceTree = "<group>"; };
		ECC7A648A1FC3D50AFBB5324 /* HomeView.swift */ = {isa = PBXFileReference; includeInIndex = 1; lastKnownFileType = sourcecode.swift; path = HomeView.swift; sourceTree = "<group>"; };
		F47EF9E63D81AF6BD489ED53 /* DayPlansView.swift */ = {isa = PBXFileReference; includeInIndex = 1; lastKnownFileType = sourcecode.swift; path = DayPlansView.swift; sourceTree = "<group>"; };
		F66C908ED5FF5282654A0E7E /* FreeTimeWidget.swift */ = {isa = PBXFileReference; includeInIndex = 1; lastKnownFileType = sourcecode.swift; path = FreeTimeWidget.swift; sourceTree = "<group>"; };
/* End PBXFileReference section */

/* Begin PBXFrameworksBuildPhase section */
		608C5BD18B40693B273E5A31 /* Frameworks */ = {
			isa = PBXFrameworksBuildPhase;
			buildActionMask = 2147483647;
			files = (
				A573685F682154831DEB5D71 /* Foundation.framework in Frameworks */,
			);
			runOnlyForDeploymentPostprocessing = 0;
		};
		AD82107394EAB0EFA6533083 /* Frameworks */ = {
			isa = PBXFrameworksBuildPhase;
			buildActionMask = 2147483647;
			files = (
				DCA1761C3F6692E25B8E96F9 /* Foundation.framework in Frameworks */,
			);
			runOnlyForDeploymentPostprocessing = 0;
		};
/* End PBXFrameworksBuildPhase section */

/* Begin PBXGroup section */
		10628C9634803B20DE77EE30 = {
			isa = PBXGroup;
			children = (
				96EFAB61BF57760C1B802997 /* Products */,
				4DC1D6847CEB911C6ECED4DF /* Frameworks */,
				EEF037DFD82CDC6360D24F0E /* FreeTime */,
			);
			sourceTree = "<group>";
		};
		2BD3BBA3DB620D92CAF72B51 /* App */ = {
			isa = PBXGroup;
			children = (
				A1C3A59A10C900D947075831 /* BackupDocument.swift */,
				CEB264EEE3E57DF7A0B7A5F3 /* Components.swift */,
				F47EF9E63D81AF6BD489ED53 /* DayPlansView.swift */,
				1FFF4FF841AEAFE40C273DF2 /* FreeTimeApp.swift */,
				10F7F8DA31462BAC7B00F90F /* FreeTimeStore.swift */,
				ECC7A648A1FC3D50AFBB5324 /* HomeView.swift */,
				B1C91850EB99894FBD0247D7 /* PlanEditorView.swift */,
				8847E65B487571224140F166 /* RootView.swift */,
				5082476968678D883D5F6988 /* SlotAllocatorView.swift */,
				C7E2F783F764F1E247850460 /* StatsView.swift */,
				7F251F075FF69B3E7ADB256A /* TaskEditorView.swift */,
				B4533C02DBE9E79C40D53F6B /* TasksView.swift */,
				481847905D83F53CE36A420C /* TemplateEditorView.swift */,
				52E321362CA20EC73B897EF6 /* TemplatesView.swift */,
				8A20DBED26ACF56375546A94 /* Theme.swift */,
				B38A75C87FBD33C46766FF8B /* WeekView.swift */,
				720E0FA6E866941D0D440039 /* FreeTime.entitlements */,
			);
			name = App;
			path = App;
			sourceTree = "<group>";
		};
		4DC1D6847CEB911C6ECED4DF /* Frameworks */ = {
			isa = PBXGroup;
			children = (
				D178C7678A94A555589B8917 /* iOS */,
			);
			name = Frameworks;
			sourceTree = "<group>";
		};
		8A1D171D002FDEB10C5DE47A /* Widget */ = {
			isa = PBXGroup;
			children = (
				F66C908ED5FF5282654A0E7E /* FreeTimeWidget.swift */,
				5AECAC65E31AE6FB0EA1DCB0 /* Info.plist */,
				7FD0C5F54B4B3710EBFD6F78 /* FreeTimeWidget.entitlements */,
			);
			name = Widget;
			path = Widget;
			sourceTree = "<group>";
		};
		96EFAB61BF57760C1B802997 /* Products */ = {
			isa = PBXGroup;
			children = (
				3BFD8DE34B336D211DA69FD9 /* FreeTime.app */,
				6BCDC52E57701825B4EF194C /* FreeTimeWidget.appex */,
			);
			name = Products;
			sourceTree = "<group>";
		};
		A51249CB1198B49C30066DE5 /* Shared */ = {
			isa = PBXGroup;
			children = (
				4D6047DA125BB39BB5CA2127 /* FreeTimeModels.swift */,
			);
			name = Shared;
			path = Shared;
			sourceTree = "<group>";
		};
		D178C7678A94A555589B8917 /* iOS */ = {
			isa = PBXGroup;
			children = (
				72D88C9A98F292702B189AE2 /* Foundation.framework */,
			);
			name = iOS;
			sourceTree = "<group>";
		};
		EEF037DFD82CDC6360D24F0E /* FreeTime */ = {
			isa = PBXGroup;
			children = (
				2BD3BBA3DB620D92CAF72B51 /* App */,
				A51249CB1198B49C30066DE5 /* Shared */,
				8A1D171D002FDEB10C5DE47A /* Widget */,
			);
			name = FreeTime;
			path = FreeTime;
			sourceTree = "<group>";
		};
/* End PBXGroup section */

/* Begin PBXNativeTarget section */
		38662D12EB22E684F81B61DE /* FreeTimeWidget */ = {
			isa = PBXNativeTarget;
			buildConfigurationList = 8EC2AF8BE28599DAC941040C /* Build configuration list for PBXNativeTarget "FreeTimeWidget" */;
			buildPhases = (
				B0E3DAAF3D9BBD7FDADE603D /* Sources */,
				AD82107394EAB0EFA6533083 /* Frameworks */,
				6077F1EB626AFBF665F5AE25 /* Resources */,
			);
			buildRules = (
			);
			dependencies = (
			);
			name = FreeTimeWidget;
			productName = FreeTimeWidget;
			productReference = 6BCDC52E57701825B4EF194C /* FreeTimeWidget.appex */;
			productType = "com.apple.product-type.app-extension";
		};
		61AD485695FBE43096A501C7 /* FreeTime */ = {
			isa = PBXNativeTarget;
			buildConfigurationList = 9909B0E084986F8DD006EE1E /* Build configuration list for PBXNativeTarget "FreeTime" */;
			buildPhases = (
				E063DEB17FD3345347D1D4B0 /* Sources */,
				608C5BD18B40693B273E5A31 /* Frameworks */,
				1C3C5D0AA525B26910065ABB /* Resources */,
				5E8C359363C919187A4224DE /* Embed App Extensions */,
			);
			buildRules = (
			);
			dependencies = (
				022F8E39E6F290A35E4B0C61 /* PBXTargetDependency */,
			);
			name = FreeTime;
			productName = FreeTime;
			productReference = 3BFD8DE34B336D211DA69FD9 /* FreeTime.app */;
			productType = "com.apple.product-type.application";
		};
/* End PBXNativeTarget section */

/* Begin PBXProject section */
		485EE6C8F5F929B90AA0F7B1 /* Project object */ = {
			isa = PBXProject;
			attributes = {
				LastSwiftUpdateCheck = 1600;
				LastUpgradeCheck = 1600;
			};
			buildConfigurationList = 90EAD089F181CDE3E9B040F5 /* Build configuration list for PBXProject "FreeTime" */;
			compatibilityVersion = "Xcode 3.2";
			developmentRegion = en;
			hasScannedForEncodings = 0;
			knownRegions = (
				en,
				Base,
			);
			mainGroup = 10628C9634803B20DE77EE30;
			minimizedProjectReferenceProxies = 0;
			preferredProjectObjectVersion = 77;
			productRefGroup = 96EFAB61BF57760C1B802997 /* Products */;
			projectDirPath = "";
			projectRoot = "";
			targets = (
				61AD485695FBE43096A501C7 /* FreeTime */,
				38662D12EB22E684F81B61DE /* FreeTimeWidget */,
			);
		};
/* End PBXProject section */

/* Begin PBXResourcesBuildPhase section */
		1C3C5D0AA525B26910065ABB /* Resources */ = {
			isa = PBXResourcesBuildPhase;
			buildActionMask = 2147483647;
			files = (
			);
			runOnlyForDeploymentPostprocessing = 0;
		};
		6077F1EB626AFBF665F5AE25 /* Resources */ = {
			isa = PBXResourcesBuildPhase;
			buildActionMask = 2147483647;
			files = (
			);
			runOnlyForDeploymentPostprocessing = 0;
		};
/* End PBXResourcesBuildPhase section */

/* Begin PBXSourcesBuildPhase section */
		B0E3DAAF3D9BBD7FDADE603D /* Sources */ = {
			isa = PBXSourcesBuildPhase;
			buildActionMask = 2147483647;
			files = (
				8E802DF585DD5C7A0D7D4352 /* FreeTimeModels.swift in Sources */,
				2055D3184CADB0EE2AB846F9 /* FreeTimeWidget.swift in Sources */,
			);
			runOnlyForDeploymentPostprocessing = 0;
		};
		E063DEB17FD3345347D1D4B0 /* Sources */ = {
			isa = PBXSourcesBuildPhase;
			buildActionMask = 2147483647;
			files = (
				62D32ADE064F1ED7B7AA2D34 /* BackupDocument.swift in Sources */,
				11CD2A07F4AB13DCFBA8EAE1 /* Components.swift in Sources */,
				79E14F60CABFFBF7F49174F3 /* DayPlansView.swift in Sources */,
				45FD927495DDF3EEB6BFDB88 /* FreeTimeApp.swift in Sources */,
				6F182DBE6B271C46344715BB /* FreeTimeStore.swift in Sources */,
				3C0AB97F8EF1BD6E2E83D249 /* HomeView.swift in Sources */,
				1697A3D2AAB26AEAF21582DD /* PlanEditorView.swift in Sources */,
				C8F43D962EC953A26CCABA13 /* RootView.swift in Sources */,
				43C3F7E0A7FD3AA8CF757147 /* SlotAllocatorView.swift in Sources */,
				A0A4B643A2819F9B1DFAE511 /* StatsView.swift in Sources */,
				2F420EB205F5D8ADFE2E0CA4 /* TaskEditorView.swift in Sources */,
				08DA30323C7D51F35C3B618D /* TasksView.swift in Sources */,
				142C1C7FD0C0FC86181BF615 /* TemplateEditorView.swift in Sources */,
				5E8464C4320C5264BCD67FD5 /* TemplatesView.swift in Sources */,
				8D97BB00E2854AAF7D821ECB /* Theme.swift in Sources */,
				5D69019208E85809F9068E4B /* WeekView.swift in Sources */,
				44929875B5E8DCD43853C985 /* FreeTimeModels.swift in Sources */,
			);
			runOnlyForDeploymentPostprocessing = 0;
		};
/* End PBXSourcesBuildPhase section */

/* Begin PBXTargetDependency section */
		022F8E39E6F290A35E4B0C61 /* PBXTargetDependency */ = {
			isa = PBXTargetDependency;
			name = FreeTimeWidget;
			target = 38662D12EB22E684F81B61DE /* FreeTimeWidget */;
			targetProxy = 169DC4DB48085B61FD242838 /* PBXContainerItemProxy */;
		};
/* End PBXTargetDependency section */

/* Begin XCBuildConfiguration section */
		00388002CDA94ED1C19D812F /* Debug */ = {
			isa = XCBuildConfiguration;
			buildSettings = {
				ASSETCATALOG_COMPILER_APPICON_NAME = "";
				ASSETCATALOG_COMPILER_GLOBAL_ACCENT_COLOR_NAME = AccentColor;
				CLANG_ENABLE_OBJC_WEAK = NO;
				CODE_SIGN_ENTITLEMENTS = FreeTime/App/FreeTime.entitlements;
				CODE_SIGN_STYLE = Automatic;
				CURRENT_PROJECT_VERSION = 1;
				DEVELOPMENT_TEAM = Y89MBS6Z86;
				GENERATE_INFOPLIST_FILE = YES;
				INFOPLIST_KEY_CFBundleDisplayName = FreeTime;
				INFOPLIST_KEY_UIApplicationSceneManifest_Generation = YES;
				INFOPLIST_KEY_UIApplicationSupportsIndirectInputEvents = YES;
				INFOPLIST_KEY_UILaunchScreen_Generation = YES;
				IPHONEOS_DEPLOYMENT_TARGET = 17.0;
				LD_RUNPATH_SEARCH_PATHS = "$(inherited) @executable_path/Frameworks";
				MARKETING_VERSION = 1.0;
				PRODUCT_BUNDLE_IDENTIFIER = com.kensuke5704.FreeTime;
				PRODUCT_NAME = FreeTime;
				SDKROOT = iphoneos;
				SWIFT_VERSION = 5.0;
				TARGETED_DEVICE_FAMILY = 1;
			};
			name = Debug;
		};
		4ADDCD80C7B0266183BF91E3 /* Release */ = {
			isa = XCBuildConfiguration;
			buildSettings = {
				ALWAYS_SEARCH_USER_PATHS = NO;
				CLANG_ANALYZER_NONNULL = YES;
				CLANG_ANALYZER_NUMBER_OBJECT_CONVERSION = YES_AGGRESSIVE;
				CLANG_CXX_LANGUAGE_STANDARD = "gnu++14";
				CLANG_CXX_LIBRARY = "libc++";
				CLANG_ENABLE_MODULES = YES;
				CLANG_ENABLE_OBJC_ARC = YES;
				CLANG_ENABLE_OBJC_WEAK = YES;
				CLANG_WARN_BLOCK_CAPTURE_AUTORELEASING = YES;
				CLANG_WARN_BOOL_CONVERSION = YES;
				CLANG_WARN_COMMA = YES;
				CLANG_WARN_CONSTANT_CONVERSION = YES;
				CLANG_WARN_DEPRECATED_OBJC_IMPLEMENTATIONS = YES;
				CLANG_WARN_DIRECT_OBJC_ISA_USAGE = YES_ERROR;
				CLANG_WARN_DOCUMENTATION_COMMENTS = YES;
				CLANG_WARN_EMPTY_BODY = YES;
				CLANG_WARN_ENUM_CONVERSION = YES;
				CLANG_WARN_INFINITE_RECURSION = YES;
				CLANG_WARN_INT_CONVERSION = YES;
				CLANG_WARN_NON_LITERAL_NULL_CONVERSION = YES;
				CLANG_WARN_OBJC_IMPLICIT_RETAIN_SELF = YES;
				CLANG_WARN_OBJC_LITERAL_CONVERSION = YES;
				CLANG_WARN_OBJC_ROOT_CLASS = YES_ERROR;
				CLANG_WARN_QUOTED_INCLUDE_IN_FRAMEWORK_HEADER = YES;
				CLANG_WARN_RANGE_LOOP_ANALYSIS = YES;
				CLANG_WARN_STRICT_PROTOTYPES = YES;
				CLANG_WARN_SUSPICIOUS_MOVE = YES;
				CLANG_WARN_UNGUARDED_AVAILABILITY = YES_AGGRESSIVE;
				CLANG_WARN_UNREACHABLE_CODE = YES;
				CLANG_WARN__DUPLICATE_METHOD_MATCH = YES;
				COPY_PHASE_STRIP = NO;
				DEBUG_INFORMATION_FORMAT = "dwarf-with-dsym";
				ENABLE_NS_ASSERTIONS = NO;
				ENABLE_STRICT_OBJC_MSGSEND = YES;
				GCC_C_LANGUAGE_STANDARD = gnu11;
				GCC_NO_COMMON_BLOCKS = YES;
				GCC_WARN_64_TO_32_BIT_CONVERSION = YES;
				GCC_WARN_ABOUT_RETURN_TYPE = YES_ERROR;
				GCC_WARN_UNDECLARED_SELECTOR = YES;
				GCC_WARN_UNINITIALIZED_AUTOS = YES_AGGRESSIVE;
				GCC_WARN_UNUSED_FUNCTION = YES;
				GCC_WARN_UNUSED_VARIABLE = YES;
				IPHONEOS_DEPLOYMENT_TARGET = 17.0;
				MTL_ENABLE_DEBUG_INFO = NO;
				MTL_FAST_MATH = YES;
				PRODUCT_NAME = "$(TARGET_NAME)";
				SWIFT_COMPILATION_MODE = wholemodule;
				SWIFT_OPTIMIZATION_LEVEL = "-O";
				SWIFT_VERSION = 5.0;
			};
			name = Release;
		};
		8D33F81BB51AE02D31CE8C5D /* Release */ = {
			isa = XCBuildConfiguration;
			buildSettings = {
				APPLICATION_EXTENSION_API_ONLY = YES;
				CLANG_ENABLE_OBJC_WEAK = NO;
				CODE_SIGN_ENTITLEMENTS = FreeTime/Widget/FreeTimeWidget.entitlements;
				CODE_SIGN_STYLE = Automatic;
				CURRENT_PROJECT_VERSION = 1;
				DEVELOPMENT_TEAM = Y89MBS6Z86;
				GENERATE_INFOPLIST_FILE = NO;
				INFOPLIST_FILE = FreeTime/Widget/Info.plist;
				IPHONEOS_DEPLOYMENT_TARGET = 17.0;
				MARKETING_VERSION = 1.0;
				PRODUCT_BUNDLE_IDENTIFIER = com.kensuke5704.FreeTime.Widget;
				PRODUCT_NAME = FreeTimeWidget;
				SDKROOT = iphoneos;
				SKIP_INSTALL = YES;
				SWIFT_VERSION = 5.0;
				TARGETED_DEVICE_FAMILY = 1;
				VALIDATE_PRODUCT = YES;
			};
			name = Release;
		};
		A51A0A9003E267EAA5B5F54D /* Release */ = {
			isa = XCBuildConfiguration;
			buildSettings = {
				ASSETCATALOG_COMPILER_APPICON_NAME = "";
				ASSETCATALOG_COMPILER_GLOBAL_ACCENT_COLOR_NAME = AccentColor;
				CLANG_ENABLE_OBJC_WEAK = NO;
				CODE_SIGN_ENTITLEMENTS = FreeTime/App/FreeTime.entitlements;
				CODE_SIGN_STYLE = Automatic;
				CURRENT_PROJECT_VERSION = 1;
				DEVELOPMENT_TEAM = Y89MBS6Z86;
				GENERATE_INFOPLIST_FILE = YES;
				INFOPLIST_KEY_CFBundleDisplayName = FreeTime;
				INFOPLIST_KEY_UIApplicationSceneManifest_Generation = YES;
				INFOPLIST_KEY_UIApplicationSupportsIndirectInputEvents = YES;
				INFOPLIST_KEY_UILaunchScreen_Generation = YES;
				IPHONEOS_DEPLOYMENT_TARGET = 17.0;
				LD_RUNPATH_SEARCH_PATHS = "$(inherited) @executable_path/Frameworks";
				MARKETING_VERSION = 1.0;
				PRODUCT_BUNDLE_IDENTIFIER = com.kensuke5704.FreeTime;
				PRODUCT_NAME = FreeTime;
				SDKROOT = iphoneos;
				SWIFT_VERSION = 5.0;
				TARGETED_DEVICE_FAMILY = 1;
				VALIDATE_PRODUCT = YES;
			};
			name = Release;
		};
		A9D5C77EA3E9CFF144BCC751 /* Debug */ = {
			isa = XCBuildConfiguration;
			buildSettings = {
				ALWAYS_SEARCH_USER_PATHS = NO;
				CLANG_ANALYZER_NONNULL = YES;
				CLANG_ANALYZER_NUMBER_OBJECT_CONVERSION = YES_AGGRESSIVE;
				CLANG_CXX_LANGUAGE_STANDARD = "gnu++14";
				CLANG_CXX_LIBRARY = "libc++";
				CLANG_ENABLE_MODULES = YES;
				CLANG_ENABLE_OBJC_ARC = YES;
				CLANG_ENABLE_OBJC_WEAK = YES;
				CLANG_WARN_BLOCK_CAPTURE_AUTORELEASING = YES;
				CLANG_WARN_BOOL_CONVERSION = YES;
				CLANG_WARN_COMMA = YES;
				CLANG_WARN_CONSTANT_CONVERSION = YES;
				CLANG_WARN_DEPRECATED_OBJC_IMPLEMENTATIONS = YES;
				CLANG_WARN_DIRECT_OBJC_ISA_USAGE = YES_ERROR;
				CLANG_WARN_DOCUMENTATION_COMMENTS = YES;
				CLANG_WARN_EMPTY_BODY = YES;
				CLANG_WARN_ENUM_CONVERSION = YES;
				CLANG_WARN_INFINITE_RECURSION = YES;
				CLANG_WARN_INT_CONVERSION = YES;
				CLANG_WARN_NON_LITERAL_NULL_CONVERSION = YES;
				CLANG_WARN_OBJC_IMPLICIT_RETAIN_SELF = YES;
				CLANG_WARN_OBJC_LITERAL_CONVERSION = YES;
				CLANG_WARN_OBJC_ROOT_CLASS = YES_ERROR;
				CLANG_WARN_QUOTED_INCLUDE_IN_FRAMEWORK_HEADER = YES;
				CLANG_WARN_RANGE_LOOP_ANALYSIS = YES;
				CLANG_WARN_STRICT_PROTOTYPES = YES;
				CLANG_WARN_SUSPICIOUS_MOVE = YES;
				CLANG_WARN_UNGUARDED_AVAILABILITY = YES_AGGRESSIVE;
				CLANG_WARN_UNREACHABLE_CODE = YES;
				CLANG_WARN__DUPLICATE_METHOD_MATCH = YES;
				COPY_PHASE_STRIP = NO;
				DEBUG_INFORMATION_FORMAT = dwarf;
				ENABLE_STRICT_OBJC_MSGSEND = YES;
				ENABLE_TESTABILITY = YES;
				GCC_C_LANGUAGE_STANDARD = gnu11;
				GCC_DYNAMIC_NO_PIC = NO;
				GCC_NO_COMMON_BLOCKS = YES;
				GCC_OPTIMIZATION_LEVEL = 0;
				GCC_PREPROCESSOR_DEFINITIONS = (
					"DEBUG=1",
					"$(inherited)",
				);
				GCC_WARN_64_TO_32_BIT_CONVERSION = YES;
				GCC_WARN_ABOUT_RETURN_TYPE = YES_ERROR;
				GCC_WARN_UNDECLARED_SELECTOR = YES;
				GCC_WARN_UNINITIALIZED_AUTOS = YES_AGGRESSIVE;
				GCC_WARN_UNUSED_FUNCTION = YES;
				GCC_WARN_UNUSED_VARIABLE = YES;
				IPHONEOS_DEPLOYMENT_TARGET = 17.0;
				MTL_ENABLE_DEBUG_INFO = INCLUDE_SOURCE;
				MTL_FAST_MATH = YES;
				ONLY_ACTIVE_ARCH = YES;
				PRODUCT_NAME = "$(TARGET_NAME)";
				SWIFT_ACTIVE_COMPILATION_CONDITIONS = DEBUG;
				SWIFT_OPTIMIZATION_LEVEL = "-Onone";
				SWIFT_VERSION = 5.0;
			};
			name = Debug;
		};
		D082AC4235BBCD68483B2224 /* Debug */ = {
			isa = XCBuildConfiguration;
			buildSettings = {
				APPLICATION_EXTENSION_API_ONLY = YES;
				CLANG_ENABLE_OBJC_WEAK = NO;
				CODE_SIGN_ENTITLEMENTS = FreeTime/Widget/FreeTimeWidget.entitlements;
				CODE_SIGN_STYLE = Automatic;
				CURRENT_PROJECT_VERSION = 1;
				DEVELOPMENT_TEAM = Y89MBS6Z86;
				GENERATE_INFOPLIST_FILE = NO;
				INFOPLIST_FILE = FreeTime/Widget/Info.plist;
				IPHONEOS_DEPLOYMENT_TARGET = 17.0;
				MARKETING_VERSION = 1.0;
				PRODUCT_BUNDLE_IDENTIFIER = com.kensuke5704.FreeTime.Widget;
				PRODUCT_NAME = FreeTimeWidget;
				SDKROOT = iphoneos;
				SKIP_INSTALL = YES;
				SWIFT_VERSION = 5.0;
				TARGETED_DEVICE_FAMILY = 1;
			};
			name = Debug;
		};
/* End XCBuildConfiguration section */

/* Begin XCConfigurationList section */
		8EC2AF8BE28599DAC941040C /* Build configuration list for PBXNativeTarget "FreeTimeWidget" */ = {
			isa = XCConfigurationList;
			buildConfigurations = (
				8D33F81BB51AE02D31CE8C5D /* Release */,
				D082AC4235BBCD68483B2224 /* Debug */,
			);
			defaultConfigurationIsVisible = 0;
			defaultConfigurationName = Release;
		};
		90EAD089F181CDE3E9B040F5 /* Build configuration list for PBXProject "FreeTime" */ = {
			isa = XCConfigurationList;
			buildConfigurations = (
				A9D5C77EA3E9CFF144BCC751 /* Debug */,
				4ADDCD80C7B0266183BF91E3 /* Release */,
			);
			defaultConfigurationIsVisible = 0;
			defaultConfigurationName = Release;
		};
		9909B0E084986F8DD006EE1E /* Build configuration list for PBXNativeTarget "FreeTime" */ = {
			isa = XCConfigurationList;
			buildConfigurations = (
				A51A0A9003E267EAA5B5F54D /* Release */,
				00388002CDA94ED1C19D812F /* Debug */,
			);
			defaultConfigurationIsVisible = 0;
			defaultConfigurationName = Release;
		};
/* End XCConfigurationList section */
	};
	rootObject = 485EE6C8F5F929B90AA0F7B1 /* Project object */;
}
